
Microsoft Visual Studio Solution File, Format Version 12.00
# Visual Studio 15
VisualStudioVersion = 15.0.28307.168
MinimumVisualStudioVersion = 10.0.40219.1
Project("{8BC9CEB8-8B4A-11D0-8D11-00A0C91BC942}") = "wfc", "wfc.vcxproj", "{AACABE9F-D74E-4D08-98BB-C330FE4ADD0C}"
EndProject
Global
	GlobalSection(SolutionConfigurationPlatforms) = preSolution
		Debug|x64 = Debug|x64
		Debug|x86 = Debug|x86
		Release|x64 = Release|x64
		Release|x86 = Release|x86
	EndGlobalSection
	GlobalSection(ProjectConfigurationPlatforms) = postSolution
		{AACABE9F-D74E-4D08-98BB-C330FE4ADD0C}.Debug|x64.ActiveCfg = Debug|x64
		{AACABE9F-D74E-4D08-98BB-C330FE4ADD0C}.Debug|x64.Build.0 = Debug|x64
		{AACABE9F-D74E-4D08-98BB-C330FE4ADD0C}.Debug|x86.ActiveCfg = Debug|Win32
		{AACABE9F-D74E-4D08-98BB-C330FE4ADD0C}.Debug|x86.Build.0 = Debug|Win32
		{AACABE9F-D74E-4D08-98BB-C330FE4ADD0C}.Release|x64.ActiveCfg = Release|x64
		{AACABE9F-D74E-4D08-98BB-C330FE4ADD0C}.Release|x64.Build.0 = Release|x64
		{AACABE9F-D74E-4D08-98BB-C330FE4ADD0C}.Release|x86.ActiveCfg = Release|Win32
		{AACABE9F-D74E-4D08-98BB-C330FE4ADD0C}.Release|x86.Build.0 = Release|Win32
	EndGlobalSection
	GlobalSection(SolutionProperties) = preSolution
		HideSolutionNode = FALSE
	EndGlobalSection
	GlobalSection(ExtensibilityGlobals) = postSolution
		SolutionGuid = {CC529E84-BD25-46C6-A518-37F9807CFD7F}
	EndGlobalSection
EndGlobal
